version: 1
sources:
  crossplane:
    repository: crossplane/crossplane
    tag: v2.3.3
    commit: 09ffaea39ccaea0f80817e35b5bbd3632b4e7e0d
    resolved_at: 2026-07-12
  crossplane-docs:
    repository: crossplane/docs
    series: v2.3
    commit: f1315464e35d40d25a28e4c15b6725b0e21adf91
    selected_by: crossplane/v2.3.3
    resolved_at: 2026-07-12
  crossplane-runtime:
    repository: crossplane/crossplane-runtime
    tag: v2.3.3
    commit: fcf6aaa11ef4b56b9a8b1b91a446e0f6b8fc2827
    selected_by: crossplane/v2.3.3 go.mod
    resolved_at: 2026-07-12
  function-go-templating:
    repository: crossplane-contrib/function-go-templating
    tag: v0.12.2
    commit: 0a1e6d386f4363fae257ddbfb5b497416370e830
    previous_tag: v0.12.1
    previous_commit: 548ae34fd9c843f0747981894fb7fa0ff1ba47fa
    resolved_at: 2026-07-14
  function-auto-ready:
    repository: crossplane-contrib/function-auto-ready
    tag: v0.7.0
    commit: ed7886de159af73b9d6976f04f9171ec7a4cb411
    previous_tag: v0.6.6
    previous_commit: 046fe9eca400dfdb835911d8b22da9b0e27a5547
    resolved_at: 2026-07-14
  sprig:
    repository: Masterminds/sprig
    tag: v3.3.0
    commit: e708470d529a10ac1a3f02ab6fdd339b65958372
    selected_by: function-go-templating/go.mod
    resolved_at: 2026-07-12
