version: 1
sources:
  crossplane:
    repository: crossplane/crossplane
    tag: v2.3.3
    commit: 09ffaea39ccaea0f80817e35b5bbd3632b4e7e0d
    resolved_at: 2026-07-12
  crossplane-function-specification:
    repository: crossplane/crossplane
    branch: main
    commit: 231dd83a48fe7a4b9c06c8c94735c365f3da40b6
    path: contributing/specifications/functions.md
    source_scope: current-development-specification
    identical_release_tag: v2.3.3
    identical_release_commit: 09ffaea39ccaea0f80817e35b5bbd3632b4e7e0d
    resolved_at: 2026-07-12
  crossplane-docs:
    repository: crossplane/docs
    series: v2.3
    commit: f1315464e35d40d25a28e4c15b6725b0e21adf91
    selected_by: crossplane/v2.3.3
    resolved_at: 2026-07-12
  function-go-templating:
    repository: crossplane-contrib/function-go-templating
    tag: v0.12.2
    commit: 0a1e6d386f4363fae257ddbfb5b497416370e830
    previous_tag: v0.12.1
    previous_commit: 548ae34fd9c843f0747981894fb7fa0ff1ba47fa
    resolved_at: 2026-07-12
  sprig:
    repository: Masterminds/sprig
    tag: v3.3.0
    commit: e708470d529a10ac1a3f02ab6fdd339b65958372
    selected_by: function-go-templating/go.mod
    resolved_at: 2026-07-12
